
Microsoft Visual Studio Solution File, Format Version 12.00
# Visual Studio 14
VisualStudioVersion = 14.0.25420.1
MinimumVisualStudioVersion = 10.0.40219.1
Project("{FAE04EC0-301F-11D3-BF4B-00C04F79EFBC}") = "YUTPLAT", "YUTPLAT\YUTPLAT.csproj", "{98870266-7917-4110-B925-A9C14C188CC0}"
EndProject
Project("{FAE04EC0-301F-11D3-BF4B-00C04F79EFBC}") = "YUTPLAT.Tests", "YUTPLAT.Tests\YUTPLAT.Tests.csproj", "{B98B0C18-2C87-4C3A-BD08-683A1028762B}"
EndProject
Global
	GlobalSection(SolutionConfigurationPlatforms) = preSolution
		29_PROD|Any CPU = 29_PROD|Any CPU
		Debug|Any CPU = Debug|Any CPU
		Release|Any CPU = Release|Any CPU
	EndGlobalSection
	GlobalSection(ProjectConfigurationPlatforms) = postSolution
		{98870266-7917-4110-B925-A9C14C188CC0}.29_PROD|Any CPU.ActiveCfg = 29_PROD|Any CPU
		{98870266-7917-4110-B925-A9C14C188CC0}.29_PROD|Any CPU.Build.0 = 29_PROD|Any CPU
		{98870266-7917-4110-B925-A9C14C188CC0}.Debug|Any CPU.ActiveCfg = Debug|Any CPU
		{98870266-7917-4110-B925-A9C14C188CC0}.Debug|Any CPU.Build.0 = Debug|Any CPU
		{98870266-7917-4110-B925-A9C14C188CC0}.Release|Any CPU.ActiveCfg = Release|Any CPU
		{98870266-7917-4110-B925-A9C14C188CC0}.Release|Any CPU.Build.0 = Release|Any CPU
		{B98B0C18-2C87-4C3A-BD08-683A1028762B}.29_PROD|Any CPU.ActiveCfg = 29_PROD|Any CPU
		{B98B0C18-2C87-4C3A-BD08-683A1028762B}.29_PROD|Any CPU.Build.0 = 29_PROD|Any CPU
		{B98B0C18-2C87-4C3A-BD08-683A1028762B}.Debug|Any CPU.ActiveCfg = Debug|Any CPU
		{B98B0C18-2C87-4C3A-BD08-683A1028762B}.Debug|Any CPU.Build.0 = Debug|Any CPU
		{B98B0C18-2C87-4C3A-BD08-683A1028762B}.Release|Any CPU.ActiveCfg = Release|Any CPU
		{B98B0C18-2C87-4C3A-BD08-683A1028762B}.Release|Any CPU.Build.0 = Release|Any CPU
	EndGlobalSection
	GlobalSection(SolutionProperties) = preSolution
		HideSolutionNode = FALSE
	EndGlobalSection
EndGlobal
